// !$*UTF8*$!
{
	archiveVersion = 1;
	classes = {
	};
	objectVersion = 50;
	objects = {

/* Begin PBXBuildFile section */
		57111AF62088C821009BE764 /* GoogleService-Info.plist in Resources */ = {isa = PBXBuildFile; fileRef = 57111AF52088C821009BE764 /* GoogleService-Info.plist */; };
		57615782208CCD97000D566F /* UsersAuthorizationManager.swift in Sources */ = {isa = PBXBuildFile; fileRef = 57615781208CCD97000D566F /* UsersAuthorizationManager.swift */; };
		576F652F2087BDE900650D66 /* AppDelegate.swift in Sources */ = {isa = PBXBuildFile; fileRef = 576F652E2087BDE900650D66 /* AppDelegate.swift */; };
		576F65312087BDE900650D66 /* LoginViewController.swift in Sources */ = {isa = PBXBuildFile; fileRef = 576F65302087BDE900650D66 /* LoginViewController.swift */; };
		576F65342087BDE900650D66 /* Main.storyboard in Resources */ = {isa = PBXBuildFile; fileRef = 576F65322087BDE900650D66 /* Main.storyboard */; };
		576F65362087BDEA00650D66 /* Assets.xcassets in Resources */ = {isa = PBXBuildFile; fileRef = 576F65352087BDEA00650D66 /* Assets.xcassets */; };
		576F65392087BDEA00650D66 /* LaunchScreen.storyboard in Resources */ = {isa = PBXBuildFile; fileRef = 576F65372087BDEA00650D66 /* LaunchScreen.storyboard */; };
		576F65412087BE5B00650D66 /* MapViewController.swift in Sources */ = {isa = PBXBuildFile; fileRef = 576F65402087BE5B00650D66 /* MapViewController.swift */; };
		DF3A3D6A085274A1C394C284 /* Pods_Cab2GoRider.framework in Frameworks */ = {isa = PBXBuildFile; fileRef = 9A5E53222356AE8DC591A403 /* Pods_Cab2GoRider.framework */; };
/* End PBXBuildFile section */

/* Begin PBXFileReference section */
		57111AF52088C821009BE764 /* GoogleService-Info.plist */ = {isa = PBXFileReference; fileEncoding = 4; lastKnownFileType = text.plist.xml; path = "GoogleService-Info.plist"; sourceTree = "<group>"; };
		57615781208CCD97000D566F /* UsersAuthorizationManager.swift */ = {isa = PBXFileReference; lastKnownFileType = sourcecode.swift; path = UsersAuthorizationManager.swift; sourceTree = "<group>"; };
		576F652B2087BDE900650D66 /* Cab2GoRider.app */ = {isa = PBXFileReference; explicitFileType = wrapper.application; includeInIndex = 0; path = Cab2GoRider.app; sourceTree = BUILT_PRODUCTS_DIR; };
		576F652E2087BDE900650D66 /* AppDelegate.swift */ = {isa = PBXFileReference; lastKnownFileType = sourcecode.swift; path = AppDelegate.swift; sourceTree = "<group>"; };
		576F65302087BDE900650D66 /* LoginViewController.swift */ = {isa = PBXFileReference; lastKnownFileType = sourcecode.swift; path = LoginViewController.swift; sourceTree = "<group>"; };
		576F65332087BDE900650D66 /* Base */ = {isa = PBXFileReference; lastKnownFileType = file.storyboard; name = Base; path = Base.lproj/Main.storyboard; sourceTree = "<group>"; };
		576F65352087BDEA00650D66 /* Assets.xcassets */ = {isa = PBXFileReference; lastKnownFileType = folder.assetcatalog; path = Assets.xcassets; sourceTree = "<group>"; };
		576F65382087BDEA00650D66 /* Base */ = {isa = PBXFileReference; lastKnownFileType = file.storyboard; name = Base; path = Base.lproj/LaunchScreen.storyboard; sourceTree = "<group>"; };
		576F653A2087BDEA00650D66 /* Info.plist */ = {isa = PBXFileReference; lastKnownFileType = text.plist.xml; path = Info.plist; sourceTree = "<group>"; };
		576F65402087BE5B00650D66 /* MapViewController.swift */ = {isa = PBXFileReference; lastKnownFileType = sourcecode.swift; path = MapViewController.swift; sourceTree = "<group>"; };
		9A5E53222356AE8DC591A403 /* Pods_Cab2GoRider.framework */ = {isa = PBXFileReference; explicitFileType = wrapper.framework; includeInIndex = 0; path = Pods_Cab2GoRider.framework; sourceTree = BUILT_PRODUCTS_DIR; };
		ACD4B1672663DB13B128C009 /* Pods-Cab2GoRider.debug.xcconfig */ = {isa = PBXFileReference; includeInIndex = 1; lastKnownFileType = text.xcconfig; name = "Pods-Cab2GoRider.debug.xcconfig"; path = "Pods/Target Support Files/Pods-Cab2GoRider/Pods-Cab2GoRider.debug.xcconfig"; sourceTree = "<group>"; };
		E95C108958391E0D4E2F85FF /* Pods-Cab2GoRider.release.xcconfig */ = {isa = PBXFileReference; includeInIndex = 1; lastKnownFileType = text.xcconfig; name = "Pods-Cab2GoRider.release.xcconfig"; path = "Pods/Target Support Files/Pods-Cab2GoRider/Pods-Cab2GoRider.release.xcconfig"; sourceTree = "<group>"; };
/* End PBXFileReference section */

/* Begin PBXFrameworksBuildPhase section */
		576F65282087BDE900650D66 /* Frameworks */ = {
			isa = PBXFrameworksBuildPhase;
			buildActionMask = 2147483647;
			files = (
				DF3A3D6A085274A1C394C284 /* Pods_Cab2GoRider.framework in Frameworks */,
			);
			runOnlyForDeploymentPostprocessing = 0;
		};
/* End PBXFrameworksBuildPhase section */

/* Begin PBXGroup section */
		57111AF32088C7DE009BE764 /* View */ = {
			isa = PBXGroup;
			children = (
			);
			path = View;
			sourceTree = "<group>";
		};
		57111AF42088C7E8009BE764 /* Model */ = {
			isa = PBXGroup;
			children = (
			);
			path = Model;
			sourceTree = "<group>";
		};
		57615780208CCD22000D566F /* Supporting */ = {
			isa = PBXGroup;
			children = (
				57615781208CCD97000D566F /* UsersAuthorizationManager.swift */,
			);
			path = Supporting;
			sourceTree = "<group>";
		};
		576F65222087BDE900650D66 = {
			isa = PBXGroup;
			children = (
				576F652D2087BDE900650D66 /* Cab2GoRider */,
				576F652C2087BDE900650D66 /* Products */,
				67E9B3BF3DD448EEACDEB8A4 /* Pods */,
				CDFBB5F9ED4F3873AD9BF3F6 /* Frameworks */,
			);
			sourceTree = "<group>";
		};
		576F652C2087BDE900650D66 /* Products */ = {
			isa = PBXGroup;
			children = (
				576F652B2087BDE900650D66 /* Cab2GoRider.app */,
			);
			name = Products;
			sourceTree = "<group>";
		};
		576F652D2087BDE900650D66 /* Cab2GoRider */ = {
			isa = PBXGroup;
			children = (
				576F652E2087BDE900650D66 /* AppDelegate.swift */,
				57615780208CCD22000D566F /* Supporting */,
				57111AF32088C7DE009BE764 /* View */,
				576F65452087C85F00650D66 /* Controller */,
				57111AF42088C7E8009BE764 /* Model */,
				576F65402087BE5B00650D66 /* MapViewController.swift */,
				576F65322087BDE900650D66 /* Main.storyboard */,
				576F65352087BDEA00650D66 /* Assets.xcassets */,
				576F65372087BDEA00650D66 /* LaunchScreen.storyboard */,
				576F653A2087BDEA00650D66 /* Info.plist */,
				57111AF52088C821009BE764 /* GoogleService-Info.plist */,
			);
			path = Cab2GoRider;
			sourceTree = "<group>";
		};
		576F65452087C85F00650D66 /* Controller */ = {
			isa = PBXGroup;
			children = (
				576F65302087BDE900650D66 /* LoginViewController.swift */,
			);
			path = Controller;
			sourceTree = "<group>";
		};
		67E9B3BF3DD448EEACDEB8A4 /* Pods */ = {
			isa = PBXGroup;
			children = (
				ACD4B1672663DB13B128C009 /* Pods-Cab2GoRider.debug.xcconfig */,
				E95C108958391E0D4E2F85FF /* Pods-Cab2GoRider.release.xcconfig */,
			);
			name = Pods;
			sourceTree = "<group>";
		};
		CDFBB5F9ED4F3873AD9BF3F6 /* Frameworks */ = {
			isa = PBXGroup;
			children = (
				9A5E53222356AE8DC591A403 /* Pods_Cab2GoRider.framework */,
			);
			name = Frameworks;
			sourceTree = "<group>";
		};
/* End PBXGroup section */

/* Begin PBXNativeTarget section */
		576F652A2087BDE900650D66 /* Cab2GoRider */ = {
			isa = PBXNativeTarget;
			buildConfigurationList = 576F653D2087BDEA00650D66 /* Build configuration list for PBXNativeTarget "Cab2GoRider" */;
			buildPhases = (
				4579ED12C4AF881B5444314A /* [CP] Check Pods Manifest.lock */,
				576F65272087BDE900650D66 /* Sources */,
				576F65282087BDE900650D66 /* Frameworks */,
				576F65292087BDE900650D66 /* Resources */,
				E43A6AD357E1A8F5E7BE80A1 /* [CP] Embed Pods Frameworks */,
			);
			buildRules = (
			);
			dependencies = (
			);
			name = Cab2GoRider;
			productName = Cab2GoRider;
			productReference = 576F652B2087BDE900650D66 /* Cab2GoRider.app */;
			productType = "com.apple.product-type.application";
		};
/* End PBXNativeTarget section */

/* Begin PBXProject section */
		576F65232087BDE900650D66 /* Project object */ = {
			isa = PBXProject;
			attributes = {
				LastSwiftUpdateCheck = 0930;
				LastUpgradeCheck = 0930;
				ORGANIZATIONNAME = Yevhenii;
				TargetAttributes = {
					576F652A2087BDE900650D66 = {
						CreatedOnToolsVersion = 9.3;
					};
				};
			};
			buildConfigurationList = 576F65262087BDE900650D66 /* Build configuration list for PBXProject "Cab2GoRider" */;
			compatibilityVersion = "Xcode 9.3";
			developmentRegion = en;
			hasScannedForEncodings = 0;
			knownRegions = (
				en,
				Base,
			);
			mainGroup = 576F65222087BDE900650D66;
			productRefGroup = 576F652C2087BDE900650D66 /* Products */;
			projectDirPath = "";
			projectRoot = "";
			targets = (
				576F652A2087BDE900650D66 /* Cab2GoRider */,
			);
		};
/* End PBXProject section */

/* Begin PBXResourcesBuildPhase section */
		576F65292087BDE900650D66 /* Resources */ = {
			isa = PBXResourcesBuildPhase;
			buildActionMask = 2147483647;
			files = (
				576F65392087BDEA00650D66 /* LaunchScreen.storyboard in Resources */,
				57111AF62088C821009BE764 /* GoogleService-Info.plist in Resources */,
				576F65362087BDEA00650D66 /* Assets.xcassets in Resources */,
				576F65342087BDE900650D66 /* Main.storyboard in Resources */,
			);
			runOnlyForDeploymentPostprocessing = 0;
		};
/* End PBXResourcesBuildPhase section */

/* Begin PBXShellScriptBuildPhase section */
		4579ED12C4AF881B5444314A /* [CP] Check Pods Manifest.lock */ = {
			isa = PBXShellScriptBuildPhase;
			buildActionMask = 2147483647;
			files = (
			);
			inputPaths = (
				"${PODS_PODFILE_DIR_PATH}/Podfile.lock",
				"${PODS_ROOT}/Manifest.lock",
			);
			name = "[CP] Check Pods Manifest.lock";
			outputPaths = (
				"$(DERIVED_FILE_DIR)/Pods-Cab2GoRider-checkManifestLockResult.txt",
			);
			runOnlyForDeploymentPostprocessing = 0;
			shellPath = /bin/sh;
			shellScript = "diff \"${PODS_PODFILE_DIR_PATH}/Podfile.lock\" \"${PODS_ROOT}/Manifest.lock\" > /dev/null\nif [ $? != 0 ] ; then\n    # print error to STDERR\n    echo \"error: The sandbox is not in sync with the Podfile.lock. Run 'pod install' or update your CocoaPods installation.\" >&2\n    exit 1\nfi\n# This output is used by Xcode 'outputs' to avoid re-running this script phase.\necho \"SUCCESS\" > \"${SCRIPT_OUTPUT_FILE_0}\"\n";
			showEnvVarsInLog = 0;
		};
		E43A6AD357E1A8F5E7BE80A1 /* [CP] Embed Pods Frameworks */ = {
			isa = PBXShellScriptBuildPhase;
			buildActionMask = 2147483647;
			files = (
			);
			inputPaths = (
				"${SRCROOT}/Pods/Target Support Files/Pods-Cab2GoRider/Pods-Cab2GoRider-frameworks.sh",
				"${BUILT_PRODUCTS_DIR}/GTMSessionFetcher/GTMSessionFetcher.framework",
				"${BUILT_PRODUCTS_DIR}/GoogleToolboxForMac/GoogleToolboxForMac.framework",
				"${BUILT_PRODUCTS_DIR}/leveldb-library/leveldb.framework",
				"${BUILT_PRODUCTS_DIR}/nanopb/nanopb.framework",
			);
			name = "[CP] Embed Pods Frameworks";
			outputPaths = (
				"${TARGET_BUILD_DIR}/${FRAMEWORKS_FOLDER_PATH}/GTMSessionFetcher.framework",
				"${TARGET_BUILD_DIR}/${FRAMEWORKS_FOLDER_PATH}/GoogleToolboxForMac.framework",
				"${TARGET_BUILD_DIR}/${FRAMEWORKS_FOLDER_PATH}/leveldb.framework",
				"${TARGET_BUILD_DIR}/${FRAMEWORKS_FOLDER_PATH}/nanopb.framework",
			);
			runOnlyForDeploymentPostprocessing = 0;
			shellPath = /bin/sh;
			shellScript = "\"${SRCROOT}/Pods/Target Support Files/Pods-Cab2GoRider/Pods-Cab2GoRider-frameworks.sh\"\n";
			showEnvVarsInLog = 0;
		};
/* End PBXShellScriptBuildPhase section */

/* Begin PBXSourcesBuildPhase section */
		576F65272087BDE900650D66 /* Sources */ = {
			isa = PBXSourcesBuildPhase;
			buildActionMask = 2147483647;
			files = (
				57615782208CCD97000D566F /* UsersAuthorizationManager.swift in Sources */,
				576F65312087BDE900650D66 /* LoginViewController.swift in Sources */,
				576F65412087BE5B00650D66 /* MapViewController.swift in Sources */,
				576F652F2087BDE900650D66 /* AppDelegate.swift in Sources */,
			);
			runOnlyForDeploymentPostprocessing = 0;
		};
/* End PBXSourcesBuildPhase section */

/* Begin PBXVariantGroup section */
		576F65322087BDE900650D66 /* Main.storyboard */ = {
			isa = PBXVariantGroup;
			children = (
				576F65332087BDE900650D66 /* Base */,
			);
			name = Main.storyboard;
			sourceTree = "<group>";
		};
		576F65372087BDEA00650D66 /* LaunchScreen.storyboard */ = {
			isa = PBXVariantGroup;
			children = (
				576F65382087BDEA00650D66 /* Base */,
			);
			name = LaunchScreen.storyboard;
			sourceTree = "<group>";
		};
/* End PBXVariantGroup section */

/* Begin XCBuildConfiguration section */
		576F653B2087BDEA00650D66 /* Debug */ = {
			isa = XCBuildConfiguration;
			buildSettings = {
				ALWAYS_SEARCH_USER_PATHS = NO;
				CLANG_ANALYZER_NONNULL = YES;
				CLANG_ANALYZER_NUMBER_OBJECT_CONVERSION = YES_AGGRESSIVE;
				CLANG_CXX_LANGUAGE_STANDARD = "gnu++14";
				CLANG_CXX_LIBRARY = "libc++";
				CLANG_ENABLE_MODULES = YES;
				CLANG_ENABLE_OBJC_ARC = YES;
				CLANG_ENABLE_OBJC_WEAK = YES;
				CLANG_WARN_BLOCK_CAPTURE_AUTORELEASING = YES;
				CLANG_WARN_BOOL_CONVERSION = YES;
				CLANG_WARN_COMMA = YES;
				CLANG_WARN_CONSTANT_CONVERSION = YES;
				CLANG_WARN_DEPRECATED_OBJC_IMPLEMENTATIONS = YES;
				CLANG_WARN_DIRECT_OBJC_ISA_USAGE = YES_ERROR;
				CLANG_WARN_DOCUMENTATION_COMMENTS = YES;
				CLANG_WARN_EMPTY_BODY = YES;
				CLANG_WARN_ENUM_CONVERSION = YES;
				CLANG_WARN_INFINITE_RECURSION = YES;
				CLANG_WARN_INT_CONVERSION = YES;
				CLANG_WARN_NON_LITERAL_NULL_CONVERSION = YES;
				CLANG_WARN_OBJC_IMPLICIT_RETAIN_SELF = YES;
				CLANG_WARN_OBJC_LITERAL_CONVERSION = YES;
				CLANG_WARN_OBJC_ROOT_CLASS = YES_ERROR;
				CLANG_WARN_RANGE_LOOP_ANALYSIS = YES;
				CLANG_WARN_STRICT_PROTOTYPES = YES;
				CLANG_WARN_SUSPICIOUS_MOVE = YES;
				CLANG_WARN_UNGUARDED_AVAILABILITY = YES_AGGRESSIVE;
				CLANG_WARN_UNREACHABLE_CODE = YES;
				CLANG_WARN__DUPLICATE_METHOD_MATCH = YES;
				CODE_SIGN_IDENTITY = "iPhone Developer";
				COPY_PHASE_STRIP = NO;
				DEBUG_INFORMATION_FORMAT = dwarf;
				ENABLE_STRICT_OBJC_MSGSEND = YES;
				ENABLE_TESTABILITY = YES;
				GCC_C_LANGUAGE_STANDARD = gnu11;
				GCC_DYNAMIC_NO_PIC = NO;
				GCC_NO_COMMON_BLOCKS = YES;
				GCC_OPTIMIZATION_LEVEL = 0;
				GCC_PREPROCESSOR_DEFINITIONS = (
					"DEBUG=1",
					"$(inherited)",
				);
				GCC_WARN_64_TO_32_BIT_CONVERSION = YES;
				GCC_WARN_ABOUT_RETURN_TYPE = YES_ERROR;
				GCC_WARN_UNDECLARED_SELECTOR = YES;
				GCC_WARN_UNINITIALIZED_AUTOS = YES_AGGRESSIVE;
				GCC_WARN_UNUSED_FUNCTION = YES;
				GCC_WARN_UNUSED_VARIABLE = YES;
				IPHONEOS_DEPLOYMENT_TARGET = 11.3;
				MTL_ENABLE_DEBUG_INFO = YES;
				ONLY_ACTIVE_ARCH = YES;
				SDKROOT = iphoneos;
				SWIFT_ACTIVE_COMPILATION_CONDITIONS = DEBUG;
				SWIFT_OPTIMIZATION_LEVEL = "-Onone";
			};
			name = Debug;
		};
		576F653C2087BDEA00650D66 /* Release */ = {
			isa = XCBuildConfiguration;
			buildSettings = {
				ALWAYS_SEARCH_USER_PATHS = NO;
				CLANG_ANALYZER_NONNULL = YES;
				CLANG_ANALYZER_NUMBER_OBJECT_CONVERSION = YES_AGGRESSIVE;
				CLANG_CXX_LANGUAGE_STANDARD = "gnu++14";
				CLANG_CXX_LIBRARY = "libc++";
				CLANG_ENABLE_MODULES = YES;
				CLANG_ENABLE_OBJC_ARC = YES;
				CLANG_ENABLE_OBJC_WEAK = YES;
				CLANG_WARN_BLOCK_CAPTURE_AUTORELEASING = YES;
				CLANG_WARN_BOOL_CONVERSION = YES;
				CLANG_WARN_COMMA = YES;
				CLANG_WARN_CONSTANT_CONVERSION = YES;
				CLANG_WARN_DEPRECATED_OBJC_IMPLEMENTATIONS = YES;
				CLANG_WARN_DIRECT_OBJC_ISA_USAGE = YES_ERROR;
				CLANG_WARN_DOCUMENTATION_COMMENTS = YES;
				CLANG_WARN_EMPTY_BODY = YES;
				CLANG_WARN_ENUM_CONVERSION = YES;
				CLANG_WARN_INFINITE_RECURSION = YES;
				CLANG_WARN_INT_CONVERSION = YES;
				CLANG_WARN_NON_LITERAL_NULL_CONVERSION = YES;
				CLANG_WARN_OBJC_IMPLICIT_RETAIN_SELF = YES;
				CLANG_WARN_OBJC_LITERAL_CONVERSION = YES;
				CLANG_WARN_OBJC_ROOT_CLASS = YES_ERROR;
				CLANG_WARN_RANGE_LOOP_ANALYSIS = YES;
				CLANG_WARN_STRICT_PROTOTYPES = YES;
				CLANG_WARN_SUSPICIOUS_MOVE = YES;
				CLANG_WARN_UNGUARDED_AVAILABILITY = YES_AGGRESSIVE;
				CLANG_WARN_UNREACHABLE_CODE = YES;
				CLANG_WARN__DUPLICATE_METHOD_MATCH = YES;
				CODE_SIGN_IDENTITY = "iPhone Developer";
				COPY_PHASE_STRIP = NO;
				DEBUG_INFORMATION_FORMAT = "dwarf-with-dsym";
				ENABLE_NS_ASSERTIONS = NO;
				ENABLE_STRICT_OBJC_MSGSEND = YES;
				GCC_C_LANGUAGE_STANDARD = gnu11;
				GCC_NO_COMMON_BLOCKS = YES;
				GCC_WARN_64_TO_32_BIT_CONVERSION = YES;
				GCC_WARN_ABOUT_RETURN_TYPE = YES_ERROR;
				GCC_WARN_UNDECLARED_SELECTOR = YES;
				GCC_WARN_UNINITIALIZED_AUTOS = YES_AGGRESSIVE;
				GCC_WARN_UNUSED_FUNCTION = YES;
				GCC_WARN_UNUSED_VARIABLE = YES;
				IPHONEOS_DEPLOYMENT_TARGET = 11.3;
				MTL_ENABLE_DEBUG_INFO = NO;
				SDKROOT = iphoneos;
				SWIFT_COMPILATION_MODE = wholemodule;
				SWIFT_OPTIMIZATION_LEVEL = "-O";
				VALIDATE_PRODUCT = YES;
			};
			name = Release;
		};
		576F653E2087BDEA00650D66 /* Debug */ = {
			isa = XCBuildConfiguration;
			baseConfigurationReference = ACD4B1672663DB13B128C009 /* Pods-Cab2GoRider.debug.xcconfig */;
			buildSettings = {
				ASSETCATALOG_COMPILER_APPICON_NAME = AppIcon;
				CODE_SIGN_STYLE = Automatic;
				DEVELOPMENT_TEAM = WPNJ4FRNPT;
				INFOPLIST_FILE = Cab2GoRider/Info.plist;
				LD_RUNPATH_SEARCH_PATHS = (
					"$(inherited)",
					"@executable_path/Frameworks",
				);
				PRODUCT_BUNDLE_IDENTIFIER = com.yevhenii.Cab2GoRider;
				PRODUCT_NAME = "$(TARGET_NAME)";
				SWIFT_VERSION = 4.0;
				TARGETED_DEVICE_FAMILY = "1,2";
			};
			name = Debug;
		};
		576F653F2087BDEA00650D66 /* Release */ = {
			isa = XCBuildConfiguration;
			baseConfigurationReference = E95C108958391E0D4E2F85FF /* Pods-Cab2GoRider.release.xcconfig */;
			buildSettings = {
				ASSETCATALOG_COMPILER_APPICON_NAME = AppIcon;
				CODE_SIGN_STYLE = Automatic;
				DEVELOPMENT_TEAM = WPNJ4FRNPT;
				INFOPLIST_FILE = Cab2GoRider/Info.plist;
				LD_RUNPATH_SEARCH_PATHS = (
					"$(inherited)",
					"@executable_path/Frameworks",
				);
				PRODUCT_BUNDLE_IDENTIFIER = com.yevhenii.Cab2GoRider;
				PRODUCT_NAME = "$(TARGET_NAME)";
				SWIFT_VERSION = 4.0;
				TARGETED_DEVICE_FAMILY = "1,2";
			};
			name = Release;
		};
/* End XCBuildConfiguration section */

/* Begin XCConfigurationList section */
		576F65262087BDE900650D66 /* Build configuration list for PBXProject "Cab2GoRider" */ = {
			isa = XCConfigurationList;
			buildConfigurations = (
				576F653B2087BDEA00650D66 /* Debug */,
				576F653C2087BDEA00650D66 /* Release */,
			);
			defaultConfigurationIsVisible = 0;
			defaultConfigurationName = Release;
		};
		576F653D2087BDEA00650D66 /* Build configuration list for PBXNativeTarget "Cab2GoRider" */ = {
			isa = XCConfigurationList;
			buildConfigurations = (
				576F653E2087BDEA00650D66 /* Debug */,
				576F653F2087BDEA00650D66 /* Release */,
			);
			defaultConfigurationIsVisible = 0;
			defaultConfigurationName = Release;
		};
/* End XCConfigurationList section */
	};
	rootObject = 576F65232087BDE900650D66 /* Project object */;
}
